schema: '2.0'
stages:
  phase3:
    cmd: python -m src.pipelines.run_pipeline
    deps:
    - path: configs/data_contract.yaml
      hash: md5
      md5: 373dc0e7567fd13bd21d455c780e7878
      size: 2881
    - path: data/raw/test.csv
      hash: md5
      md5: 0686e4fc98617485dba9fdbabbf1c48d
      size: 70794289
    - path: data/raw/train.csv
      hash: md5
      md5: e59c291a4b1c640f1dab33b89daa22e1
      size: 200589097
    - path: src
      hash: md5
      md5: e3d5fd58f4c9ee4c1df4ca87c54a8a89.dir
      size: 357283
      nfiles: 64
    params:
      params.yaml:
        split.validation_size: 0.26
    outs:
    - path: data/interim
      hash: md5
      md5: fa3edadd0c36cd29e7640f223c1c2316.dir
      size: 266243483
      nfiles: 2
    - path: data/processed
      hash: md5
      md5: c005cc17b41950a5d32c5680b937ff28.dir
      size: 69506151
      nfiles: 3
    - path: data/split
      hash: md5
      md5: 464c9129513ea0cd35487262beb666d6.dir
      size: 57649873
      nfiles: 4
